
Microsoft Visual Studio Solution File, Format Version 12.00
# Visual Studio Version 16
VisualStudioVersion = 16.0.29728.190
MinimumVisualStudioVersion = 10.0.40219.1
Project("{9A19103F-16F7-4668-BE54-9A1E7A4F7556}") = "ShellNotifyWatcher", "ShellNotifyWatcher\ShellNotifyWatcher.csproj", "{053C2EAF-5306-4685-ABC1-97A3D5512992}"
EndProject
Project("{9A19103F-16F7-4668-BE54-9A1E7A4F7556}") = "WatcherSample", "WatcherSample\WatcherSample.csproj", "{0B0894ED-1226-4BB2-98A0-4FBDD02C2A7E}"
EndProject
Global
	GlobalSection(SolutionConfigurationPlatforms) = preSolution
		Debug|Any CPU = Debug|Any CPU
		Release|Any CPU = Release|Any CPU
	EndGlobalSection
	GlobalSection(ProjectConfigurationPlatforms) = postSolution
		{053C2EAF-5306-4685-ABC1-97A3D5512992}.Debug|Any CPU.ActiveCfg = Debug|Any CPU
		{053C2EAF-5306-4685-ABC1-97A3D5512992}.Debug|Any CPU.Build.0 = Debug|Any CPU
		{053C2EAF-5306-4685-ABC1-97A3D5512992}.Release|Any CPU.ActiveCfg = Release|Any CPU
		{053C2EAF-5306-4685-ABC1-97A3D5512992}.Release|Any CPU.Build.0 = Release|Any CPU
		{0B0894ED-1226-4BB2-98A0-4FBDD02C2A7E}.Debug|Any CPU.ActiveCfg = Debug|Any CPU
		{0B0894ED-1226-4BB2-98A0-4FBDD02C2A7E}.Debug|Any CPU.Build.0 = Debug|Any CPU
		{0B0894ED-1226-4BB2-98A0-4FBDD02C2A7E}.Release|Any CPU.ActiveCfg = Release|Any CPU
		{0B0894ED-1226-4BB2-98A0-4FBDD02C2A7E}.Release|Any CPU.Build.0 = Release|Any CPU
	EndGlobalSection
	GlobalSection(SolutionProperties) = preSolution
		HideSolutionNode = FALSE
	EndGlobalSection
	GlobalSection(ExtensibilityGlobals) = postSolution
		SolutionGuid = {7551C56D-21D4-4E49-AC3B-27AC910CBBC3}
	EndGlobalSection
EndGlobal
